
Microsoft Visual Studio Solution File, Format Version 12.00
# Visual Studio 15
VisualStudioVersion = 15.0.26403.3
MinimumVisualStudioVersion = 10.0.40219.1
Project("{FAE04EC0-301F-11D3-BF4B-00C04F79EFBC}") = "IdentityService", "IdentityService\IdentityService.csproj", "{1BF3831D-6CAC-4F97-A563-BD741E615901}"
EndProject
Project("{2150E333-8FDC-42A3-9474-1A3956D46DE8}") = "Models", "Models", "{543DA753-4A20-40BA-AD7D-FBBE4B711439}"
EndProject
Project("{2150E333-8FDC-42A3-9474-1A3956D46DE8}") = "DataLayer", "DataLayer", "{EF703872-2A3D-4791-9DEB-F0490AAED019}"
EndProject
Project("{2150E333-8FDC-42A3-9474-1A3956D46DE8}") = "Authorization", "Authorization", "{B54CA3A3-7944-4ED3-B965-65ED60BED0F0}"
EndProject
Project("{FAE04EC0-301F-11D3-BF4B-00C04F79EFBC}") = "Authorization", "Authorization\Authorization.csproj", "{DF2DD221-66E6-4FC7-9A60-31BD2E8C9CC4}"
EndProject
Project("{FAE04EC0-301F-11D3-BF4B-00C04F79EFBC}") = "Models", "Models\Models.csproj", "{43C42797-F94C-43F8-AA7A-6057D8061B79}"
EndProject
Project("{FAE04EC0-301F-11D3-BF4B-00C04F79EFBC}") = "DataLayer", "DataLayer\DataLayer.csproj", "{3EE6CBBF-6D2D-416E-AE23-D5FF3EC37AC5}"
EndProject
Project("{FAE04EC0-301F-11D3-BF4B-00C04F79EFBC}") = "ManagementService", "ManagementService\ManagementService.csproj", "{45358A54-7997-4332-987C-9DDAB3FF5775}"
EndProject
Global
	GlobalSection(SolutionConfigurationPlatforms) = preSolution
		Debug|Any CPU = Debug|Any CPU
		Release|Any CPU = Release|Any CPU
	EndGlobalSection
	GlobalSection(ProjectConfigurationPlatforms) = postSolution
		{1BF3831D-6CAC-4F97-A563-BD741E615901}.Debug|Any CPU.ActiveCfg = Debug|Any CPU
		{1BF3831D-6CAC-4F97-A563-BD741E615901}.Debug|Any CPU.Build.0 = Debug|Any CPU
		{1BF3831D-6CAC-4F97-A563-BD741E615901}.Release|Any CPU.ActiveCfg = Release|Any CPU
		{1BF3831D-6CAC-4F97-A563-BD741E615901}.Release|Any CPU.Build.0 = Release|Any CPU
		{DF2DD221-66E6-4FC7-9A60-31BD2E8C9CC4}.Debug|Any CPU.ActiveCfg = Debug|Any CPU
		{DF2DD221-66E6-4FC7-9A60-31BD2E8C9CC4}.Debug|Any CPU.Build.0 = Debug|Any CPU
		{DF2DD221-66E6-4FC7-9A60-31BD2E8C9CC4}.Release|Any CPU.ActiveCfg = Release|Any CPU
		{DF2DD221-66E6-4FC7-9A60-31BD2E8C9CC4}.Release|Any CPU.Build.0 = Release|Any CPU
		{43C42797-F94C-43F8-AA7A-6057D8061B79}.Debug|Any CPU.ActiveCfg = Debug|Any CPU
		{43C42797-F94C-43F8-AA7A-6057D8061B79}.Debug|Any CPU.Build.0 = Debug|Any CPU
		{43C42797-F94C-43F8-AA7A-6057D8061B79}.Release|Any CPU.ActiveCfg = Release|Any CPU
		{43C42797-F94C-43F8-AA7A-6057D8061B79}.Release|Any CPU.Build.0 = Release|Any CPU
		{3EE6CBBF-6D2D-416E-AE23-D5FF3EC37AC5}.Debug|Any CPU.ActiveCfg = Debug|Any CPU
		{3EE6CBBF-6D2D-416E-AE23-D5FF3EC37AC5}.Debug|Any CPU.Build.0 = Debug|Any CPU
		{3EE6CBBF-6D2D-416E-AE23-D5FF3EC37AC5}.Release|Any CPU.ActiveCfg = Release|Any CPU
		{3EE6CBBF-6D2D-416E-AE23-D5FF3EC37AC5}.Release|Any CPU.Build.0 = Release|Any CPU
		{45358A54-7997-4332-987C-9DDAB3FF5775}.Debug|Any CPU.ActiveCfg = Debug|Any CPU
		{45358A54-7997-4332-987C-9DDAB3FF5775}.Debug|Any CPU.Build.0 = Debug|Any CPU
		{45358A54-7997-4332-987C-9DDAB3FF5775}.Release|Any CPU.ActiveCfg = Release|Any CPU
		{45358A54-7997-4332-987C-9DDAB3FF5775}.Release|Any CPU.Build.0 = Release|Any CPU
	EndGlobalSection
	GlobalSection(SolutionProperties) = preSolution
		HideSolutionNode = FALSE
	EndGlobalSection
	GlobalSection(NestedProjects) = preSolution
		{DF2DD221-66E6-4FC7-9A60-31BD2E8C9CC4} = {B54CA3A3-7944-4ED3-B965-65ED60BED0F0}
		{43C42797-F94C-43F8-AA7A-6057D8061B79} = {543DA753-4A20-40BA-AD7D-FBBE4B711439}
		{3EE6CBBF-6D2D-416E-AE23-D5FF3EC37AC5} = {EF703872-2A3D-4791-9DEB-F0490AAED019}
	EndGlobalSection
EndGlobal
